
Microsoft Visual Studio Solution File, Format Version 12.00
# Visual Studio Version 16
VisualStudioVersion = 16.0.30804.86
MinimumVisualStudioVersion = 10.0.40219.1
Project("{FAE04EC0-301F-11D3-BF4B-00C04F79EFBC}") = "OdevClass", "OdevClass\OdevClass.csproj", "{64735658-4F07-4114-931D-C7566CCA7748}"
EndProject
Global
	GlobalSection(SolutionConfigurationPlatforms) = preSolution
		Debug|Any CPU = Debug|Any CPU
		Release|Any CPU = Release|Any CPU
	EndGlobalSection
	GlobalSection(ProjectConfigurationPlatforms) = postSolution
		{64735658-4F07-4114-931D-C7566CCA7748}.Debug|Any CPU.ActiveCfg = Debug|Any CPU
		{64735658-4F07-4114-931D-C7566CCA7748}.Debug|Any CPU.Build.0 = Debug|Any CPU
		{64735658-4F07-4114-931D-C7566CCA7748}.Release|Any CPU.ActiveCfg = Release|Any CPU
		{64735658-4F07-4114-931D-C7566CCA7748}.Release|Any CPU.Build.0 = Release|Any CPU
	EndGlobalSection
	GlobalSection(SolutionProperties) = preSolution
		HideSolutionNode = FALSE
	EndGlobalSection
	GlobalSection(ExtensibilityGlobals) = postSolution
		SolutionGuid = {32E697A9-EA04-4D93-981D-F46F270A7868}
	EndGlobalSection
EndGlobal
